
Microsoft Visual Studio Solution File, Format Version 12.00
# Visual Studio 15
VisualStudioVersion = 15.0.28307.136
MinimumVisualStudioVersion = 10.0.40219.1
Project("{F2A71F9B-5D33-465A-A702-920D77279786}") = "Problems", "Problems\Problems.fsproj", "{7DB3E0B1-391F-4109-A46E-FE038B65B645}"
EndProject
Global
	GlobalSection(SolutionConfigurationPlatforms) = preSolution
		Debug|Any CPU = Debug|Any CPU
		Release|Any CPU = Release|Any CPU
	EndGlobalSection
	GlobalSection(ProjectConfigurationPlatforms) = postSolution
		{7DB3E0B1-391F-4109-A46E-FE038B65B645}.Debug|Any CPU.ActiveCfg = Debug|Any CPU
		{7DB3E0B1-391F-4109-A46E-FE038B65B645}.Debug|Any CPU.Build.0 = Debug|Any CPU
		{7DB3E0B1-391F-4109-A46E-FE038B65B645}.Release|Any CPU.ActiveCfg = Release|Any CPU
		{7DB3E0B1-391F-4109-A46E-FE038B65B645}.Release|Any CPU.Build.0 = Release|Any CPU
	EndGlobalSection
	GlobalSection(SolutionProperties) = preSolution
		HideSolutionNode = FALSE
	EndGlobalSection
	GlobalSection(ExtensibilityGlobals) = postSolution
		SolutionGuid = {D1EB3515-FC0A-45BA-B599-7F7C0E18258C}
	EndGlobalSection
EndGlobal
